// !$*UTF8*$!
{
	archiveVersion = 1;
	classes = {
	};
	objectVersion = 52;
	objects = {

/* Begin PBXBuildFile section */
		EF77083C2555C2F7007939ED /* GamesTableViewController.swift in Sources */ = {isa = PBXBuildFile; fileRef = EF77083B2555C2F7007939ED /* GamesTableViewController.swift */; };
		EF7708442555C680007939ED /* Repository.swift in Sources */ = {isa = PBXBuildFile; fileRef = EF7708432555C680007939ED /* Repository.swift */; };
		EF7708492555C7E8007939ED /* GamesManager.swift in Sources */ = {isa = PBXBuildFile; fileRef = EF7708482555C7E8007939ED /* GamesManager.swift */; };
		EF77086025560EB7007939ED /* RepositoryRelease.swift in Sources */ = {isa = PBXBuildFile; fileRef = EF77085F25560EB7007939ED /* RepositoryRelease.swift */; };
		EF7708662556121C007939ED /* Zip in Frameworks */ = {isa = PBXBuildFile; productRef = EF7708652556121C007939ED /* Zip */; };
		EF770871255704E9007939ED /* DownloadManager.swift in Sources */ = {isa = PBXBuildFile; fileRef = EF770870255704E9007939ED /* DownloadManager.swift */; };
		EFC46692255468B80053DC06 /* AppDelegate.swift in Sources */ = {isa = PBXBuildFile; fileRef = EFC46691255468B80053DC06 /* AppDelegate.swift */; };
		EFC46694255468B80053DC06 /* SceneDelegate.swift in Sources */ = {isa = PBXBuildFile; fileRef = EFC46693255468B80053DC06 /* SceneDelegate.swift */; };
		EFC46699255468B80053DC06 /* Main.storyboard in Resources */ = {isa = PBXBuildFile; fileRef = EFC46697255468B80053DC06 /* Main.storyboard */; };
		EFC4669B255468B90053DC06 /* Assets.xcassets in Resources */ = {isa = PBXBuildFile; fileRef = EFC4669A255468B90053DC06 /* Assets.xcassets */; };
		EFC4669E255468B90053DC06 /* LaunchScreen.storyboard in Resources */ = {isa = PBXBuildFile; fileRef = EFC4669C255468B90053DC06 /* LaunchScreen.storyboard */; };
		EFC466A9255468B90053DC06 /* TableTopListBuilderTests.swift in Sources */ = {isa = PBXBuildFile; fileRef = EFC466A8255468B90053DC06 /* TableTopListBuilderTests.swift */; };
		EFC466B4255468B90053DC06 /* TableTopListBuilderUITests.swift in Sources */ = {isa = PBXBuildFile; fileRef = EFC466B3255468B90053DC06 /* TableTopListBuilderUITests.swift */; };
		EFC466F9255475920053DC06 /* Roster.swift in Sources */ = {isa = PBXBuildFile; fileRef = EFC466F8255475920053DC06 /* Roster.swift */; };
		EFC466FE255476AC0053DC06 /* Game.swift in Sources */ = {isa = PBXBuildFile; fileRef = EFC466FD255476AC0053DC06 /* Game.swift */; };
		EFC467032554773B0053DC06 /* Catalogue.swift in Sources */ = {isa = PBXBuildFile; fileRef = EFC467022554773B0053DC06 /* Catalogue.swift */; };
		EFC4670825547A9A0053DC06 /* ForceOrganisation.swift in Sources */ = {isa = PBXBuildFile; fileRef = EFC4670725547A9A0053DC06 /* ForceOrganisation.swift */; };
		EFC4670E25548BCE0053DC06 /* RosterForce.swift in Sources */ = {isa = PBXBuildFile; fileRef = EFC4670D25548BCE0053DC06 /* RosterForce.swift */; };
		EFC4671925548C4C0053DC06 /* Unit.swift in Sources */ = {isa = PBXBuildFile; fileRef = EFC4671825548C4C0053DC06 /* Unit.swift */; };
		EFC4672125548CA20053DC06 /* RosterUnit.swift in Sources */ = {isa = PBXBuildFile; fileRef = EFC4672025548CA20053DC06 /* RosterUnit.swift */; };
		EFC4672625548EE60053DC06 /* IdentifiableProtocol.swift in Sources */ = {isa = PBXBuildFile; fileRef = EFC4672525548EE60053DC06 /* IdentifiableProtocol.swift */; };
		EFC4672C25548F1F0053DC06 /* PointsProtocol.swift in Sources */ = {isa = PBXBuildFile; fileRef = EFC4672B25548F1F0053DC06 /* PointsProtocol.swift */; };
		EFC4673225548FF00053DC06 /* Model.swift in Sources */ = {isa = PBXBuildFile; fileRef = EFC4673025548FF00053DC06 /* Model.swift */; };
		EFC4673325548FF00053DC06 /* ModelStats.swift in Sources */ = {isa = PBXBuildFile; fileRef = EFC4673125548FF00053DC06 /* ModelStats.swift */; };
		EFC4673B2554906F0053DC06 /* RosterModel.swift in Sources */ = {isa = PBXBuildFile; fileRef = EFC4673A2554906F0053DC06 /* RosterModel.swift */; };
		EFC46740255492620053DC06 /* RostersTableViewController.swift in Sources */ = {isa = PBXBuildFile; fileRef = EFC4673F255492620053DC06 /* RostersTableViewController.swift */; };
		EFC467482554955E0053DC06 /* DataTableViewController.swift in Sources */ = {isa = PBXBuildFile; fileRef = EFC467472554955E0053DC06 /* DataTableViewController.swift */; };
		EFC46758255498910053DC06 /* CommandPointsProtocol.swift in Sources */ = {isa = PBXBuildFile; fileRef = EFC46757255498910053DC06 /* CommandPointsProtocol.swift */; };
		EFC467692554B3C90053DC06 /* RosterManager.swift in Sources */ = {isa = PBXBuildFile; fileRef = EFC467682554B3C90053DC06 /* RosterManager.swift */; };
		EFC4676F2554C8260053DC06 /* SetupViewController.swift in Sources */ = {isa = PBXBuildFile; fileRef = EFC4676D2554C8260053DC06 /* SetupViewController.swift */; };
		EFC467702554C8260053DC06 /* SetupViewController.xib in Resources */ = {isa = PBXBuildFile; fileRef = EFC4676E2554C8260053DC06 /* SetupViewController.xib */; };
		EFD409262559423A003158F7 /* GamesRepository.swift in Sources */ = {isa = PBXBuildFile; fileRef = EFD409252559423A003158F7 /* GamesRepository.swift */; };
		EFD4092B25594257003158F7 /* BaseRepository.swift in Sources */ = {isa = PBXBuildFile; fileRef = EFD4092A25594257003158F7 /* BaseRepository.swift */; };
		EFD4093325594E89003158F7 /* GameSummary.swift in Sources */ = {isa = PBXBuildFile; fileRef = EFD4093225594E89003158F7 /* GameSummary.swift */; };
/* End PBXBuildFile section */

/* Begin PBXContainerItemProxy section */
		EFC466A5255468B90053DC06 /* PBXContainerItemProxy */ = {
			isa = PBXContainerItemProxy;
			containerPortal = EFC46686255468B80053DC06 /* Project object */;
			proxyType = 1;
			remoteGlobalIDString = EFC4668D255468B80053DC06;
			remoteInfo = TableTopListBuilder;
		};
		EFC466B0255468B90053DC06 /* PBXContainerItemProxy */ = {
			isa = PBXContainerItemProxy;
			containerPortal = EFC46686255468B80053DC06 /* Project object */;
			proxyType = 1;
			remoteGlobalIDString = EFC4668D255468B80053DC06;
			remoteInfo = TableTopListBuilder;
		};
/* End PBXContainerItemProxy section */

/* Begin PBXFileReference section */
		EF77083B2555C2F7007939ED /* GamesTableViewController.swift */ = {isa = PBXFileReference; lastKnownFileType = sourcecode.swift; path = GamesTableViewController.swift; sourceTree = "<group>"; };
		EF7708432555C680007939ED /* Repository.swift */ = {isa = PBXFileReference; lastKnownFileType = sourcecode.swift; path = Repository.swift; sourceTree = "<group>"; };
		EF7708482555C7E8007939ED /* GamesManager.swift */ = {isa = PBXFileReference; lastKnownFileType = sourcecode.swift; path = GamesManager.swift; sourceTree = "<group>"; };
		EF77085F25560EB7007939ED /* RepositoryRelease.swift */ = {isa = PBXFileReference; lastKnownFileType = sourcecode.swift; path = RepositoryRelease.swift; sourceTree = "<group>"; };
		EF770870255704E9007939ED /* DownloadManager.swift */ = {isa = PBXFileReference; lastKnownFileType = sourcecode.swift; path = DownloadManager.swift; sourceTree = "<group>"; };
		EFC4668E255468B80053DC06 /* TableTopListBuilder.app */ = {isa = PBXFileReference; explicitFileType = wrapper.application; includeInIndex = 0; path = TableTopListBuilder.app; sourceTree = BUILT_PRODUCTS_DIR; };
		EFC46691255468B80053DC06 /* AppDelegate.swift */ = {isa = PBXFileReference; lastKnownFileType = sourcecode.swift; path = AppDelegate.swift; sourceTree = "<group>"; };
		EFC46693255468B80053DC06 /* SceneDelegate.swift */ = {isa = PBXFileReference; lastKnownFileType = sourcecode.swift; path = SceneDelegate.swift; sourceTree = "<group>"; };
		EFC46698255468B80053DC06 /* Base */ = {isa = PBXFileReference; lastKnownFileType = file.storyboard; name = Base; path = Base.lproj/Main.storyboard; sourceTree = "<group>"; };
		EFC4669A255468B90053DC06 /* Assets.xcassets */ = {isa = PBXFileReference; lastKnownFileType = folder.assetcatalog; path = Assets.xcassets; sourceTree = "<group>"; };
		EFC4669D255468B90053DC06 /* Base */ = {isa = PBXFileReference; lastKnownFileType = file.storyboard; name = Base; path = Base.lproj/LaunchScreen.storyboard; sourceTree = "<group>"; };
		EFC4669F255468B90053DC06 /* Info.plist */ = {isa = PBXFileReference; lastKnownFileType = text.plist.xml; path = Info.plist; sourceTree = "<group>"; };
		EFC466A4255468B90053DC06 /* TableTopListBuilderTests.xctest */ = {isa = PBXFileReference; explicitFileType = wrapper.cfbundle; includeInIndex = 0; path = TableTopListBuilderTests.xctest; sourceTree = BUILT_PRODUCTS_DIR; };
		EFC466A8255468B90053DC06 /* TableTopListBuilderTests.swift */ = {isa = PBXFileReference; lastKnownFileType = sourcecode.swift; path = TableTopListBuilderTests.swift; sourceTree = "<group>"; };
		EFC466AA255468B90053DC06 /* Info.plist */ = {isa = PBXFileReference; lastKnownFileType = text.plist.xml; path = Info.plist; sourceTree = "<group>"; };
		EFC466AF255468B90053DC06 /* TableTopListBuilderUITests.xctest */ = {isa = PBXFileReference; explicitFileType = wrapper.cfbundle; includeInIndex = 0; path = TableTopListBuilderUITests.xctest; sourceTree = BUILT_PRODUCTS_DIR; };
		EFC466B3255468B90053DC06 /* TableTopListBuilderUITests.swift */ = {isa = PBXFileReference; lastKnownFileType = sourcecode.swift; path = TableTopListBuilderUITests.swift; sourceTree = "<group>"; };
		EFC466B5255468B90053DC06 /* Info.plist */ = {isa = PBXFileReference; lastKnownFileType = text.plist.xml; path = Info.plist; sourceTree = "<group>"; };
		EFC466F8255475920053DC06 /* Roster.swift */ = {isa = PBXFileReference; lastKnownFileType = sourcecode.swift; path = Roster.swift; sourceTree = "<group>"; };
		EFC466FD255476AC0053DC06 /* Game.swift */ = {isa = PBXFileReference; lastKnownFileType = sourcecode.swift; path = Game.swift; sourceTree = "<group>"; };
		EFC467022554773B0053DC06 /* Catalogue.swift */ = {isa = PBXFileReference; lastKnownFileType = sourcecode.swift; path = Catalogue.swift; sourceTree = "<group>"; };
		EFC4670725547A9A0053DC06 /* ForceOrganisation.swift */ = {isa = PBXFileReference; lastKnownFileType = sourcecode.swift; path = ForceOrganisation.swift; sourceTree = "<group>"; };
		EFC4670D25548BCE0053DC06 /* RosterForce.swift */ = {isa = PBXFileReference; lastKnownFileType = sourcecode.swift; path = RosterForce.swift; sourceTree = "<group>"; };
		EFC4671825548C4C0053DC06 /* Unit.swift */ = {isa = PBXFileReference; lastKnownFileType = sourcecode.swift; path = Unit.swift; sourceTree = "<group>"; };
		EFC4672025548CA20053DC06 /* RosterUnit.swift */ = {isa = PBXFileReference; lastKnownFileType = sourcecode.swift; path = RosterUnit.swift; sourceTree = "<group>"; };
		EFC4672525548EE60053DC06 /* IdentifiableProtocol.swift */ = {isa = PBXFileReference; fileEncoding = 4; lastKnownFileType = sourcecode.swift; path = IdentifiableProtocol.swift; sourceTree = "<group>"; };
		EFC4672B25548F1F0053DC06 /* PointsProtocol.swift */ = {isa = PBXFileReference; fileEncoding = 4; lastKnownFileType = sourcecode.swift; path = PointsProtocol.swift; sourceTree = "<group>"; };
		EFC4673025548FF00053DC06 /* Model.swift */ = {isa = PBXFileReference; fileEncoding = 4; lastKnownFileType = sourcecode.swift; path = Model.swift; sourceTree = "<group>"; };
		EFC4673125548FF00053DC06 /* ModelStats.swift */ = {isa = PBXFileReference; fileEncoding = 4; lastKnownFileType = sourcecode.swift; path = ModelStats.swift; sourceTree = "<group>"; };
		EFC4673A2554906F0053DC06 /* RosterModel.swift */ = {isa = PBXFileReference; lastKnownFileType = sourcecode.swift; path = RosterModel.swift; sourceTree = "<group>"; };
		EFC4673F255492620053DC06 /* RostersTableViewController.swift */ = {isa = PBXFileReference; lastKnownFileType = sourcecode.swift; path = RostersTableViewController.swift; sourceTree = "<group>"; };
		EFC467472554955E0053DC06 /* DataTableViewController.swift */ = {isa = PBXFileReference; lastKnownFileType = sourcecode.swift; path = DataTableViewController.swift; sourceTree = "<group>"; };
		EFC46757255498910053DC06 /* CommandPointsProtocol.swift */ = {isa = PBXFileReference; lastKnownFileType = sourcecode.swift; path = CommandPointsProtocol.swift; sourceTree = "<group>"; };
		EFC467682554B3C90053DC06 /* RosterManager.swift */ = {isa = PBXFileReference; lastKnownFileType = sourcecode.swift; path = RosterManager.swift; sourceTree = "<group>"; };
		EFC4676D2554C8260053DC06 /* SetupViewController.swift */ = {isa = PBXFileReference; lastKnownFileType = sourcecode.swift; path = SetupViewController.swift; sourceTree = "<group>"; };
		EFC4676E2554C8260053DC06 /* SetupViewController.xib */ = {isa = PBXFileReference; lastKnownFileType = file.xib; path = SetupViewController.xib; sourceTree = "<group>"; };
		EFD409252559423A003158F7 /* GamesRepository.swift */ = {isa = PBXFileReference; lastKnownFileType = sourcecode.swift; path = GamesRepository.swift; sourceTree = "<group>"; };
		EFD4092A25594257003158F7 /* BaseRepository.swift */ = {isa = PBXFileReference; lastKnownFileType = sourcecode.swift; path = BaseRepository.swift; sourceTree = "<group>"; };
		EFD4093225594E89003158F7 /* GameSummary.swift */ = {isa = PBXFileReference; lastKnownFileType = sourcecode.swift; path = GameSummary.swift; sourceTree = "<group>"; };
/* End PBXFileReference section */

/* Begin PBXFrameworksBuildPhase section */
		EFC4668B255468B80053DC06 /* Frameworks */ = {
			isa = PBXFrameworksBuildPhase;
			buildActionMask = 2147483647;
			files = (
				EF7708662556121C007939ED /* Zip in Frameworks */,
			);
			runOnlyForDeploymentPostprocessing = 0;
		};
		EFC466A1255468B90053DC06 /* Frameworks */ = {
			isa = PBXFrameworksBuildPhase;
			buildActionMask = 2147483647;
			files = (
			);
			runOnlyForDeploymentPostprocessing = 0;
		};
		EFC466AC255468B90053DC06 /* Frameworks */ = {
			isa = PBXFrameworksBuildPhase;
			buildActionMask = 2147483647;
			files = (
			);
			runOnlyForDeploymentPostprocessing = 0;
		};
/* End PBXFrameworksBuildPhase section */

/* Begin PBXGroup section */
		EFC46685255468B80053DC06 = {
			isa = PBXGroup;
			children = (
				EFC46690255468B80053DC06 /* TableTopListBuilder */,
				EFC466A7255468B90053DC06 /* TableTopListBuilderTests */,
				EFC466B2255468B90053DC06 /* TableTopListBuilderUITests */,
				EFC4668F255468B80053DC06 /* Products */,
			);
			sourceTree = "<group>";
		};
		EFC4668F255468B80053DC06 /* Products */ = {
			isa = PBXGroup;
			children = (
				EFC4668E255468B80053DC06 /* TableTopListBuilder.app */,
				EFC466A4255468B90053DC06 /* TableTopListBuilderTests.xctest */,
				EFC466AF255468B90053DC06 /* TableTopListBuilderUITests.xctest */,
			);
			name = Products;
			sourceTree = "<group>";
		};
		EFC46690255468B80053DC06 /* TableTopListBuilder */ = {
			isa = PBXGroup;
			children = (
				EFC466D225546AD40053DC06 /* Assets */,
				EFC466CD25546AC40053DC06 /* Delegates */,
				EFC467642554A8E80053DC06 /* Managers */,
				EFC466D325546BC90053DC06 /* Models */,
				EFD40924255941DA003158F7 /* Repositories */,
				EFC466D125546ACC0053DC06 /* View Controllers */,
				EFC4669F255468B90053DC06 /* Info.plist */,
			);
			path = TableTopListBuilder;
			sourceTree = "<group>";
		};
		EFC466A7255468B90053DC06 /* TableTopListBuilderTests */ = {
			isa = PBXGroup;
			children = (
				EFC466A8255468B90053DC06 /* TableTopListBuilderTests.swift */,
				EFC466AA255468B90053DC06 /* Info.plist */,
			);
			path = TableTopListBuilderTests;
			sourceTree = "<group>";
		};
		EFC466B2255468B90053DC06 /* TableTopListBuilderUITests */ = {
			isa = PBXGroup;
			children = (
				EFC466B3255468B90053DC06 /* TableTopListBuilderUITests.swift */,
				EFC466B5255468B90053DC06 /* Info.plist */,
			);
			path = TableTopListBuilderUITests;
			sourceTree = "<group>";
		};
		EFC466CD25546AC40053DC06 /* Delegates */ = {
			isa = PBXGroup;
			children = (
				EFC46691255468B80053DC06 /* AppDelegate.swift */,
				EFC46693255468B80053DC06 /* SceneDelegate.swift */,
			);
			path = Delegates;
			sourceTree = "<group>";
		};
		EFC466D125546ACC0053DC06 /* View Controllers */ = {
			isa = PBXGroup;
			children = (
				EFC467472554955E0053DC06 /* DataTableViewController.swift */,
				EF77083B2555C2F7007939ED /* GamesTableViewController.swift */,
				EFC4673F255492620053DC06 /* RostersTableViewController.swift */,
				EFC4676D2554C8260053DC06 /* SetupViewController.swift */,
				EFC4676E2554C8260053DC06 /* SetupViewController.xib */,
			);
			path = "View Controllers";
			sourceTree = "<group>";
		};
		EFC466D225546AD40053DC06 /* Assets */ = {
			isa = PBXGroup;
			children = (
				EFC4669A255468B90053DC06 /* Assets.xcassets */,
				EFC4669C255468B90053DC06 /* LaunchScreen.storyboard */,
				EFC46697255468B80053DC06 /* Main.storyboard */,
			);
			path = Assets;
			sourceTree = "<group>";
		};
		EFC466D325546BC90053DC06 /* Models */ = {
			isa = PBXGroup;
			children = (
				EFC4672A25548EEA0053DC06 /* Protocols */,
				EFC4671525548BDC0053DC06 /* Data */,
				EFC4670C25548BBA0053DC06 /* Roster */,
			);
			path = Models;
			sourceTree = "<group>";
		};
		EFC4670C25548BBA0053DC06 /* Roster */ = {
			isa = PBXGroup;
			children = (
				EFC466F8255475920053DC06 /* Roster.swift */,
				EFC4670D25548BCE0053DC06 /* RosterForce.swift */,
				EFC4673A2554906F0053DC06 /* RosterModel.swift */,
				EFC4672025548CA20053DC06 /* RosterUnit.swift */,
			);
			path = Roster;
			sourceTree = "<group>";
		};
		EFC4671525548BDC0053DC06 /* Data */ = {
			isa = PBXGroup;
			children = (
				EFC467022554773B0053DC06 /* Catalogue.swift */,
				EFC4670725547A9A0053DC06 /* ForceOrganisation.swift */,
				EFC466FD255476AC0053DC06 /* Game.swift */,
				EFD4093225594E89003158F7 /* GameSummary.swift */,
				EFC4673025548FF00053DC06 /* Model.swift */,
				EFC4673125548FF00053DC06 /* ModelStats.swift */,
				EFC4671825548C4C0053DC06 /* Unit.swift */,
				EF7708432555C680007939ED /* Repository.swift */,
				EF77085F25560EB7007939ED /* RepositoryRelease.swift */,
			);
			path = Data;
			sourceTree = "<group>";
		};
		EFC4672A25548EEA0053DC06 /* Protocols */ = {
			isa = PBXGroup;
			children = (
				EFC46757255498910053DC06 /* CommandPointsProtocol.swift */,
				EFC4672525548EE60053DC06 /* IdentifiableProtocol.swift */,
				EFC4672B25548F1F0053DC06 /* PointsProtocol.swift */,
			);
			path = Protocols;
			sourceTree = "<group>";
		};
		EFC467642554A8E80053DC06 /* Managers */ = {
			isa = PBXGroup;
			children = (
				EF770870255704E9007939ED /* DownloadManager.swift */,
				EF7708482555C7E8007939ED /* GamesManager.swift */,
				EFC467682554B3C90053DC06 /* RosterManager.swift */,
			);
			path = Managers;
			sourceTree = "<group>";
		};
		EFD40924255941DA003158F7 /* Repositories */ = {
			isa = PBXGroup;
			children = (
				EFD4092A25594257003158F7 /* BaseRepository.swift */,
				EFD409252559423A003158F7 /* GamesRepository.swift */,
			);
			path = Repositories;
			sourceTree = "<group>";
		};
/* End PBXGroup section */

/* Begin PBXNativeTarget section */
		EFC4668D255468B80053DC06 /* TableTopListBuilder */ = {
			isa = PBXNativeTarget;
			buildConfigurationList = EFC466B8255468B90053DC06 /* Build configuration list for PBXNativeTarget "TableTopListBuilder" */;
			buildPhases = (
				EFC4668A255468B80053DC06 /* Sources */,
				EFC4668B255468B80053DC06 /* Frameworks */,
				EFC4668C255468B80053DC06 /* Resources */,
			);
			buildRules = (
			);
			dependencies = (
			);
			name = TableTopListBuilder;
			packageProductDependencies = (
				EF7708652556121C007939ED /* Zip */,
			);
			productName = TableTopListBuilder;
			productReference = EFC4668E255468B80053DC06 /* TableTopListBuilder.app */;
			productType = "com.apple.product-type.application";
		};
		EFC466A3255468B90053DC06 /* TableTopListBuilderTests */ = {
			isa = PBXNativeTarget;
			buildConfigurationList = EFC466BB255468B90053DC06 /* Build configuration list for PBXNativeTarget "TableTopListBuilderTests" */;
			buildPhases = (
				EFC466A0255468B90053DC06 /* Sources */,
				EFC466A1255468B90053DC06 /* Frameworks */,
				EFC466A2255468B90053DC06 /* Resources */,
			);
			buildRules = (
			);
			dependencies = (
				EFC466A6255468B90053DC06 /* PBXTargetDependency */,
			);
			name = TableTopListBuilderTests;
			productName = TableTopListBuilderTests;
			productReference = EFC466A4255468B90053DC06 /* TableTopListBuilderTests.xctest */;
			productType = "com.apple.product-type.bundle.unit-test";
		};
		EFC466AE255468B90053DC06 /* TableTopListBuilderUITests */ = {
			isa = PBXNativeTarget;
			buildConfigurationList = EFC466BE255468B90053DC06 /* Build configuration list for PBXNativeTarget "TableTopListBuilderUITests" */;
			buildPhases = (
				EFC466AB255468B90053DC06 /* Sources */,
				EFC466AC255468B90053DC06 /* Frameworks */,
				EFC466AD255468B90053DC06 /* Resources */,
			);
			buildRules = (
			);
			dependencies = (
				EFC466B1255468B90053DC06 /* PBXTargetDependency */,
			);
			name = TableTopListBuilderUITests;
			productName = TableTopListBuilderUITests;
			productReference = EFC466AF255468B90053DC06 /* TableTopListBuilderUITests.xctest */;
			productType = "com.apple.product-type.bundle.ui-testing";
		};
/* End PBXNativeTarget section */

/* Begin PBXProject section */
		EFC46686255468B80053DC06 /* Project object */ = {
			isa = PBXProject;
			attributes = {
				LastSwiftUpdateCheck = 1210;
				LastUpgradeCheck = 1210;
				TargetAttributes = {
					EFC4668D255468B80053DC06 = {
						CreatedOnToolsVersion = 12.1;
					};
					EFC466A3255468B90053DC06 = {
						CreatedOnToolsVersion = 12.1;
						TestTargetID = EFC4668D255468B80053DC06;
					};
					EFC466AE255468B90053DC06 = {
						CreatedOnToolsVersion = 12.1;
						TestTargetID = EFC4668D255468B80053DC06;
					};
				};
			};
			buildConfigurationList = EFC46689255468B80053DC06 /* Build configuration list for PBXProject "TableTopListBuilder" */;
			compatibilityVersion = "Xcode 9.3";
			developmentRegion = en;
			hasScannedForEncodings = 0;
			knownRegions = (
				en,
				Base,
			);
			mainGroup = EFC46685255468B80053DC06;
			packageReferences = (
				EF7708642556121C007939ED /* XCRemoteSwiftPackageReference "Zip" */,
			);
			productRefGroup = EFC4668F255468B80053DC06 /* Products */;
			projectDirPath = "";
			projectRoot = "";
			targets = (
				EFC4668D255468B80053DC06 /* TableTopListBuilder */,
				EFC466A3255468B90053DC06 /* TableTopListBuilderTests */,
				EFC466AE255468B90053DC06 /* TableTopListBuilderUITests */,
			);
		};
/* End PBXProject section */

/* Begin PBXResourcesBuildPhase section */
		EFC4668C255468B80053DC06 /* Resources */ = {
			isa = PBXResourcesBuildPhase;
			buildActionMask = 2147483647;
			files = (
				EFC4669E255468B90053DC06 /* LaunchScreen.storyboard in Resources */,
				EFC4669B255468B90053DC06 /* Assets.xcassets in Resources */,
				EFC46699255468B80053DC06 /* Main.storyboard in Resources */,
				EFC467702554C8260053DC06 /* SetupViewController.xib in Resources */,
			);
			runOnlyForDeploymentPostprocessing = 0;
		};
		EFC466A2255468B90053DC06 /* Resources */ = {
			isa = PBXResourcesBuildPhase;
			buildActionMask = 2147483647;
			files = (
			);
			runOnlyForDeploymentPostprocessing = 0;
		};
		EFC466AD255468B90053DC06 /* Resources */ = {
			isa = PBXResourcesBuildPhase;
			buildActionMask = 2147483647;
			files = (
			);
			runOnlyForDeploymentPostprocessing = 0;
		};
/* End PBXResourcesBuildPhase section */

/* Begin PBXSourcesBuildPhase section */
		EFC4668A255468B80053DC06 /* Sources */ = {
			isa = PBXSourcesBuildPhase;
			buildActionMask = 2147483647;
			files = (
				EFC4672125548CA20053DC06 /* RosterUnit.swift in Sources */,
				EF77083C2555C2F7007939ED /* GamesTableViewController.swift in Sources */,
				EFD4093325594E89003158F7 /* GameSummary.swift in Sources */,
				EFC466FE255476AC0053DC06 /* Game.swift in Sources */,
				EFC4670E25548BCE0053DC06 /* RosterForce.swift in Sources */,
				EFC4671925548C4C0053DC06 /* Unit.swift in Sources */,
				EFC4670825547A9A0053DC06 /* ForceOrganisation.swift in Sources */,
				EFC4673225548FF00053DC06 /* Model.swift in Sources */,
				EFC46758255498910053DC06 /* CommandPointsProtocol.swift in Sources */,
				EFC4673325548FF00053DC06 /* ModelStats.swift in Sources */,
				EFC46740255492620053DC06 /* RostersTableViewController.swift in Sources */,
				EFC4672C25548F1F0053DC06 /* PointsProtocol.swift in Sources */,
				EFC467482554955E0053DC06 /* DataTableViewController.swift in Sources */,
				EF7708442555C680007939ED /* Repository.swift in Sources */,
				EFC46692255468B80053DC06 /* AppDelegate.swift in Sources */,
				EFD409262559423A003158F7 /* GamesRepository.swift in Sources */,
				EFC467692554B3C90053DC06 /* RosterManager.swift in Sources */,
				EFC4673B2554906F0053DC06 /* RosterModel.swift in Sources */,
				EFC4676F2554C8260053DC06 /* SetupViewController.swift in Sources */,
				EF7708492555C7E8007939ED /* GamesManager.swift in Sources */,
				EFC466F9255475920053DC06 /* Roster.swift in Sources */,
				EF770871255704E9007939ED /* DownloadManager.swift in Sources */,
				EF77086025560EB7007939ED /* RepositoryRelease.swift in Sources */,
				EFC46694255468B80053DC06 /* SceneDelegate.swift in Sources */,
				EFC467032554773B0053DC06 /* Catalogue.swift in Sources */,
				EFD4092B25594257003158F7 /* BaseRepository.swift in Sources */,
				EFC4672625548EE60053DC06 /* IdentifiableProtocol.swift in Sources */,
			);
			runOnlyForDeploymentPostprocessing = 0;
		};
		EFC466A0255468B90053DC06 /* Sources */ = {
			isa = PBXSourcesBuildPhase;
			buildActionMask = 2147483647;
			files = (
				EFC466A9255468B90053DC06 /* TableTopListBuilderTests.swift in Sources */,
			);
			runOnlyForDeploymentPostprocessing = 0;
		};
		EFC466AB255468B90053DC06 /* Sources */ = {
			isa = PBXSourcesBuildPhase;
			buildActionMask = 2147483647;
			files = (
				EFC466B4255468B90053DC06 /* TableTopListBuilderUITests.swift in Sources */,
			);
			runOnlyForDeploymentPostprocessing = 0;
		};
/* End PBXSourcesBuildPhase section */

/* Begin PBXTargetDependency section */
		EFC466A6255468B90053DC06 /* PBXTargetDependency */ = {
			isa = PBXTargetDependency;
			target = EFC4668D255468B80053DC06 /* TableTopListBuilder */;
			targetProxy = EFC466A5255468B90053DC06 /* PBXContainerItemProxy */;
		};
		EFC466B1255468B90053DC06 /* PBXTargetDependency */ = {
			isa = PBXTargetDependency;
			target = EFC4668D255468B80053DC06 /* TableTopListBuilder */;
			targetProxy = EFC466B0255468B90053DC06 /* PBXContainerItemProxy */;
		};
/* End PBXTargetDependency section */

/* Begin PBXVariantGroup section */
		EFC46697255468B80053DC06 /* Main.storyboard */ = {
			isa = PBXVariantGroup;
			children = (
				EFC46698255468B80053DC06 /* Base */,
			);
			name = Main.storyboard;
			sourceTree = "<group>";
		};
		EFC4669C255468B90053DC06 /* LaunchScreen.storyboard */ = {
			isa = PBXVariantGroup;
			children = (
				EFC4669D255468B90053DC06 /* Base */,
			);
			name = LaunchScreen.storyboard;
			sourceTree = "<group>";
		};
/* End PBXVariantGroup section */

/* Begin XCBuildConfiguration section */
		EFC466B6255468B90053DC06 /* Debug */ = {
			isa = XCBuildConfiguration;
			buildSettings = {
				ALWAYS_SEARCH_USER_PATHS = NO;
				CLANG_ANALYZER_NONNULL = YES;
				CLANG_ANALYZER_NUMBER_OBJECT_CONVERSION = YES_AGGRESSIVE;
				CLANG_CXX_LANGUAGE_STANDARD = "gnu++14";
				CLANG_CXX_LIBRARY = "libc++";
				CLANG_ENABLE_MODULES = YES;
				CLANG_ENABLE_OBJC_ARC = YES;
				CLANG_ENABLE_OBJC_WEAK = YES;
				CLANG_WARN_BLOCK_CAPTURE_AUTORELEASING = YES;
				CLANG_WARN_BOOL_CONVERSION = YES;
				CLANG_WARN_COMMA = YES;
				CLANG_WARN_CONSTANT_CONVERSION = YES;
				CLANG_WARN_DEPRECATED_OBJC_IMPLEMENTATIONS = YES;
				CLANG_WARN_DIRECT_OBJC_ISA_USAGE = YES_ERROR;
				CLANG_WARN_DOCUMENTATION_COMMENTS = YES;
				CLANG_WARN_EMPTY_BODY = YES;
				CLANG_WARN_ENUM_CONVERSION = YES;
				CLANG_WARN_INFINITE_RECURSION = YES;
				CLANG_WARN_INT_CONVERSION = YES;
				CLANG_WARN_NON_LITERAL_NULL_CONVERSION = YES;
				CLANG_WARN_OBJC_IMPLICIT_RETAIN_SELF = YES;
				CLANG_WARN_OBJC_LITERAL_CONVERSION = YES;
				CLANG_WARN_OBJC_ROOT_CLASS = YES_ERROR;
				CLANG_WARN_QUOTED_INCLUDE_IN_FRAMEWORK_HEADER = YES;
				CLANG_WARN_RANGE_LOOP_ANALYSIS = YES;
				CLANG_WARN_STRICT_PROTOTYPES = YES;
				CLANG_WARN_SUSPICIOUS_MOVE = YES;
				CLANG_WARN_UNGUARDED_AVAILABILITY = YES_AGGRESSIVE;
				CLANG_WARN_UNREACHABLE_CODE = YES;
				CLANG_WARN__DUPLICATE_METHOD_MATCH = YES;
				COPY_PHASE_STRIP = NO;
				DEBUG_INFORMATION_FORMAT = dwarf;
				ENABLE_STRICT_OBJC_MSGSEND = YES;
				ENABLE_TESTABILITY = YES;
				GCC_C_LANGUAGE_STANDARD = gnu11;
				GCC_DYNAMIC_NO_PIC = NO;
				GCC_NO_COMMON_BLOCKS = YES;
				GCC_OPTIMIZATION_LEVEL = 0;
				GCC_PREPROCESSOR_DEFINITIONS = (
					"DEBUG=1",
					"$(inherited)",
				);
				GCC_WARN_64_TO_32_BIT_CONVERSION = YES;
				GCC_WARN_ABOUT_RETURN_TYPE = YES_ERROR;
				GCC_WARN_UNDECLARED_SELECTOR = YES;
				GCC_WARN_UNINITIALIZED_AUTOS = YES_AGGRESSIVE;
				GCC_WARN_UNUSED_FUNCTION = YES;
				GCC_WARN_UNUSED_VARIABLE = YES;
				IPHONEOS_DEPLOYMENT_TARGET = 13.0;
				MTL_ENABLE_DEBUG_INFO = INCLUDE_SOURCE;
				MTL_FAST_MATH = YES;
				ONLY_ACTIVE_ARCH = YES;
				SDKROOT = iphoneos;
				SWIFT_ACTIVE_COMPILATION_CONDITIONS = DEBUG;
				SWIFT_OPTIMIZATION_LEVEL = "-Onone";
			};
			name = Debug;
		};
		EFC466B7255468B90053DC06 /* Release */ = {
			isa = XCBuildConfiguration;
			buildSettings = {
				ALWAYS_SEARCH_USER_PATHS = NO;
				CLANG_ANALYZER_NONNULL = YES;
				CLANG_ANALYZER_NUMBER_OBJECT_CONVERSION = YES_AGGRESSIVE;
				CLANG_CXX_LANGUAGE_STANDARD = "gnu++14";
				CLANG_CXX_LIBRARY = "libc++";
				CLANG_ENABLE_MODULES = YES;
				CLANG_ENABLE_OBJC_ARC = YES;
				CLANG_ENABLE_OBJC_WEAK = YES;
				CLANG_WARN_BLOCK_CAPTURE_AUTORELEASING = YES;
				CLANG_WARN_BOOL_CONVERSION = YES;
				CLANG_WARN_COMMA = YES;
				CLANG_WARN_CONSTANT_CONVERSION = YES;
				CLANG_WARN_DEPRECATED_OBJC_IMPLEMENTATIONS = YES;
				CLANG_WARN_DIRECT_OBJC_ISA_USAGE = YES_ERROR;
				CLANG_WARN_DOCUMENTATION_COMMENTS = YES;
				CLANG_WARN_EMPTY_BODY = YES;
				CLANG_WARN_ENUM_CONVERSION = YES;
				CLANG_WARN_INFINITE_RECURSION = YES;
				CLANG_WARN_INT_CONVERSION = YES;
				CLANG_WARN_NON_LITERAL_NULL_CONVERSION = YES;
				CLANG_WARN_OBJC_IMPLICIT_RETAIN_SELF = YES;
				CLANG_WARN_OBJC_LITERAL_CONVERSION = YES;
				CLANG_WARN_OBJC_ROOT_CLASS = YES_ERROR;
				CLANG_WARN_QUOTED_INCLUDE_IN_FRAMEWORK_HEADER = YES;
				CLANG_WARN_RANGE_LOOP_ANALYSIS = YES;
				CLANG_WARN_STRICT_PROTOTYPES = YES;
				CLANG_WARN_SUSPICIOUS_MOVE = YES;
				CLANG_WARN_UNGUARDED_AVAILABILITY = YES_AGGRESSIVE;
				CLANG_WARN_UNREACHABLE_CODE = YES;
				CLANG_WARN__DUPLICATE_METHOD_MATCH = YES;
				COPY_PHASE_STRIP = NO;
				DEBUG_INFORMATION_FORMAT = "dwarf-with-dsym";
				ENABLE_NS_ASSERTIONS = NO;
				ENABLE_STRICT_OBJC_MSGSEND = YES;
				GCC_C_LANGUAGE_STANDARD = gnu11;
				GCC_NO_COMMON_BLOCKS = YES;
				GCC_WARN_64_TO_32_BIT_CONVERSION = YES;
				GCC_WARN_ABOUT_RETURN_TYPE = YES_ERROR;
				GCC_WARN_UNDECLARED_SELECTOR = YES;
				GCC_WARN_UNINITIALIZED_AUTOS = YES_AGGRESSIVE;
				GCC_WARN_UNUSED_FUNCTION = YES;
				GCC_WARN_UNUSED_VARIABLE = YES;
				IPHONEOS_DEPLOYMENT_TARGET = 13.0;
				MTL_ENABLE_DEBUG_INFO = NO;
				MTL_FAST_MATH = YES;
				SDKROOT = iphoneos;
				SWIFT_COMPILATION_MODE = wholemodule;
				SWIFT_OPTIMIZATION_LEVEL = "-O";
				VALIDATE_PRODUCT = YES;
			};
			name = Release;
		};
		EFC466B9255468B90053DC06 /* Debug */ = {
			isa = XCBuildConfiguration;
			buildSettings = {
				ASSETCATALOG_COMPILER_APPICON_NAME = AppIcon;
				ASSETCATALOG_COMPILER_GLOBAL_ACCENT_COLOR_NAME = AccentColor;
				CODE_SIGN_STYLE = Automatic;
				DEVELOPMENT_TEAM = 38Y2934CMW;
				INFOPLIST_FILE = TableTopListBuilder/Info.plist;
				LD_RUNPATH_SEARCH_PATHS = (
					"$(inherited)",
					"@executable_path/Frameworks",
				);
				PRODUCT_BUNDLE_IDENTIFIER = RPT.TableTopListBuilder;
				PRODUCT_NAME = "$(TARGET_NAME)";
				SWIFT_VERSION = 5.0;
				TARGETED_DEVICE_FAMILY = "1,2";
			};
			name = Debug;
		};
		EFC466BA255468B90053DC06 /* Release */ = {
			isa = XCBuildConfiguration;
			buildSettings = {
				ASSETCATALOG_COMPILER_APPICON_NAME = AppIcon;
				ASSETCATALOG_COMPILER_GLOBAL_ACCENT_COLOR_NAME = AccentColor;
				CODE_SIGN_STYLE = Automatic;
				DEVELOPMENT_TEAM = 38Y2934CMW;
				INFOPLIST_FILE = TableTopListBuilder/Info.plist;
				LD_RUNPATH_SEARCH_PATHS = (
					"$(inherited)",
					"@executable_path/Frameworks",
				);
				PRODUCT_BUNDLE_IDENTIFIER = RPT.TableTopListBuilder;
				PRODUCT_NAME = "$(TARGET_NAME)";
				SWIFT_VERSION = 5.0;
				TARGETED_DEVICE_FAMILY = "1,2";
			};
			name = Release;
		};
		EFC466BC255468B90053DC06 /* Debug */ = {
			isa = XCBuildConfiguration;
			buildSettings = {
				ALWAYS_EMBED_SWIFT_STANDARD_LIBRARIES = YES;
				BUNDLE_LOADER = "$(TEST_HOST)";
				CODE_SIGN_STYLE = Automatic;
				DEVELOPMENT_TEAM = 38Y2934CMW;
				INFOPLIST_FILE = TableTopListBuilderTests/Info.plist;
				IPHONEOS_DEPLOYMENT_TARGET = 14.1;
				LD_RUNPATH_SEARCH_PATHS = (
					"$(inherited)",
					"@executable_path/Frameworks",
					"@loader_path/Frameworks",
				);
				PRODUCT_BUNDLE_IDENTIFIER = RPT.TableTopListBuilderTests;
				PRODUCT_NAME = "$(TARGET_NAME)";
				SWIFT_VERSION = 5.0;
				TARGETED_DEVICE_FAMILY = "1,2";
				TEST_HOST = "$(BUILT_PRODUCTS_DIR)/TableTopListBuilder.app/TableTopListBuilder";
			};
			name = Debug;
		};
		EFC466BD255468B90053DC06 /* Release */ = {
			isa = XCBuildConfiguration;
			buildSettings = {
				ALWAYS_EMBED_SWIFT_STANDARD_LIBRARIES = YES;
				BUNDLE_LOADER = "$(TEST_HOST)";
				CODE_SIGN_STYLE = Automatic;
				DEVELOPMENT_TEAM = 38Y2934CMW;
				INFOPLIST_FILE = TableTopListBuilderTests/Info.plist;
				IPHONEOS_DEPLOYMENT_TARGET = 14.1;
				LD_RUNPATH_SEARCH_PATHS = (
					"$(inherited)",
					"@executable_path/Frameworks",
					"@loader_path/Frameworks",
				);
				PRODUCT_BUNDLE_IDENTIFIER = RPT.TableTopListBuilderTests;
				PRODUCT_NAME = "$(TARGET_NAME)";
				SWIFT_VERSION = 5.0;
				TARGETED_DEVICE_FAMILY = "1,2";
				TEST_HOST = "$(BUILT_PRODUCTS_DIR)/TableTopListBuilder.app/TableTopListBuilder";
			};
			name = Release;
		};
		EFC466BF255468B90053DC06 /* Debug */ = {
			isa = XCBuildConfiguration;
			buildSettings = {
				ALWAYS_EMBED_SWIFT_STANDARD_LIBRARIES = YES;
				CODE_SIGN_STYLE = Automatic;
				DEVELOPMENT_TEAM = 38Y2934CMW;
				INFOPLIST_FILE = TableTopListBuilderUITests/Info.plist;
				LD_RUNPATH_SEARCH_PATHS = (
					"$(inherited)",
					"@executable_path/Frameworks",
					"@loader_path/Frameworks",
				);
				PRODUCT_BUNDLE_IDENTIFIER = RPT.TableTopListBuilderUITests;
				PRODUCT_NAME = "$(TARGET_NAME)";
				SWIFT_VERSION = 5.0;
				TARGETED_DEVICE_FAMILY = "1,2";
				TEST_TARGET_NAME = TableTopListBuilder;
			};
			name = Debug;
		};
		EFC466C0255468B90053DC06 /* Release */ = {
			isa = XCBuildConfiguration;
			buildSettings = {
				ALWAYS_EMBED_SWIFT_STANDARD_LIBRARIES = YES;
				CODE_SIGN_STYLE = Automatic;
				DEVELOPMENT_TEAM = 38Y2934CMW;
				INFOPLIST_FILE = TableTopListBuilderUITests/Info.plist;
				LD_RUNPATH_SEARCH_PATHS = (
					"$(inherited)",
					"@executable_path/Frameworks",
					"@loader_path/Frameworks",
				);
				PRODUCT_BUNDLE_IDENTIFIER = RPT.TableTopListBuilderUITests;
				PRODUCT_NAME = "$(TARGET_NAME)";
				SWIFT_VERSION = 5.0;
				TARGETED_DEVICE_FAMILY = "1,2";
				TEST_TARGET_NAME = TableTopListBuilder;
			};
			name = Release;
		};
/* End XCBuildConfiguration section */

/* Begin XCConfigurationList section */
		EFC46689255468B80053DC06 /* Build configuration list for PBXProject "TableTopListBuilder" */ = {
			isa = XCConfigurationList;
			buildConfigurations = (
				EFC466B6255468B90053DC06 /* Debug */,
				EFC466B7255468B90053DC06 /* Release */,
			);
			defaultConfigurationIsVisible = 0;
			defaultConfigurationName = Release;
		};
		EFC466B8255468B90053DC06 /* Build configuration list for PBXNativeTarget "TableTopListBuilder" */ = {
			isa = XCConfigurationList;
			buildConfigurations = (
				EFC466B9255468B90053DC06 /* Debug */,
				EFC466BA255468B90053DC06 /* Release */,
			);
			defaultConfigurationIsVisible = 0;
			defaultConfigurationName = Release;
		};
		EFC466BB255468B90053DC06 /* Build configuration list for PBXNativeTarget "TableTopListBuilderTests" */ = {
			isa = XCConfigurationList;
			buildConfigurations = (
				EFC466BC255468B90053DC06 /* Debug */,
				EFC466BD255468B90053DC06 /* Release */,
			);
			defaultConfigurationIsVisible = 0;
			defaultConfigurationName = Release;
		};
		EFC466BE255468B90053DC06 /* Build configuration list for PBXNativeTarget "TableTopListBuilderUITests" */ = {
			isa = XCConfigurationList;
			buildConfigurations = (
				EFC466BF255468B90053DC06 /* Debug */,
				EFC466C0255468B90053DC06 /* Release */,
			);
			defaultConfigurationIsVisible = 0;
			defaultConfigurationName = Release;
		};
/* End XCConfigurationList section */

/* Begin XCRemoteSwiftPackageReference section */
		EF7708642556121C007939ED /* XCRemoteSwiftPackageReference "Zip" */ = {
			isa = XCRemoteSwiftPackageReference;
			repositoryURL = "https://github.com/marmelroy/Zip";
			requirement = {
				kind = upToNextMajorVersion;
				minimumVersion = 2.1.1;
			};
		};
/* End XCRemoteSwiftPackageReference section */

/* Begin XCSwiftPackageProductDependency section */
		EF7708652556121C007939ED /* Zip */ = {
			isa = XCSwiftPackageProductDependency;
			package = EF7708642556121C007939ED /* XCRemoteSwiftPackageReference "Zip" */;
			productName = Zip;
		};
/* End XCSwiftPackageProductDependency section */
	};
	rootObject = EFC46686255468B80053DC06 /* Project object */;
}
